
Microsoft Visual Studio Solution File, Format Version 12.00
# Visual Studio Version 16
VisualStudioVersion = 16.0.30104.148
MinimumVisualStudioVersion = 10.0.40219.1
Project("{FAE04EC0-301F-11D3-BF4B-00C04F79EFBC}") = "IHttpFactoryWithAspNetMVCNinject", "IHttpFactoryWithAspNetMVCNinject.csproj", "{1F573E20-B1EA-4EA4-8A94-E2F45066665A}"
EndProject
Global
	GlobalSection(SolutionConfigurationPlatforms) = preSolution
		Debug|Any CPU = Debug|Any CPU
		Release|Any CPU = Release|Any CPU
	EndGlobalSection
	GlobalSection(ProjectConfigurationPlatforms) = postSolution
		{1F573E20-B1EA-4EA4-8A94-E2F45066665A}.Debug|Any CPU.ActiveCfg = Debug|Any CPU
		{1F573E20-B1EA-4EA4-8A94-E2F45066665A}.Debug|Any CPU.Build.0 = Debug|Any CPU
		{1F573E20-B1EA-4EA4-8A94-E2F45066665A}.Release|Any CPU.ActiveCfg = Release|Any CPU
		{1F573E20-B1EA-4EA4-8A94-E2F45066665A}.Release|Any CPU.Build.0 = Release|Any CPU
	EndGlobalSection
	GlobalSection(SolutionProperties) = preSolution
		HideSolutionNode = FALSE
	EndGlobalSection
	GlobalSection(ExtensibilityGlobals) = postSolution
		SolutionGuid = {77D6D5AE-A3E1-43FE-A2A2-9306763A1586}
	EndGlobalSection
EndGlobal
